
Microsoft Visual Studio Solution File, Format Version 12.00
# Visual Studio Version 16
VisualStudioVersion = 16.0.30516.212
MinimumVisualStudioVersion = 10.0.40219.1
Project("{2150E333-8FDC-42A3-9474-1A3956D46DE8}") = ".Solution Items", ".Solution Items", "{84793027-E535-4004-966D-C757CE95D61B}"
	ProjectSection(SolutionItems) = preProject
		Directory.Build.props = Directory.Build.props
		README.md = README.md
	EndProjectSection
EndProject
Project("{9A19103F-16F7-4668-BE54-9A1E7A4F7556}") = "DnsUpdater.Core", "Core\DnsUpdater.Core.csproj", "{6EDD83DA-45B8-4601-9B0C-A34194558160}"
EndProject
Project("{9A19103F-16F7-4668-BE54-9A1E7A4F7556}") = "DnsUpdater.Host", "Host\DnsUpdater.Host.csproj", "{4E02DE3C-EB9C-47E6-8C62-9988CB31333B}"
EndProject
Project("{2150E333-8FDC-42A3-9474-1A3956D46DE8}") = "IP Resolvers", "IP Resolvers", "{0EA1E51E-00D9-4DFD-94DC-1D8F7ABC5996}"
EndProject
Project("{2150E333-8FDC-42A3-9474-1A3956D46DE8}") = "DNS Record Updaters", "DNS Record Updaters", "{2555F536-A024-4809-84A3-4B8ABA9B5AB1}"
EndProject
Project("{9A19103F-16F7-4668-BE54-9A1E7A4F7556}") = "DnsUpdater.IpResolvers.Ipify", "IpResolvers.Ipify\DnsUpdater.IpResolvers.Ipify.csproj", "{8490F375-8285-4156-A593-DDDF6B8D5D6D}"
EndProject
Project("{9A19103F-16F7-4668-BE54-9A1E7A4F7556}") = "DnsUpdater.DnsUpdaters.Google", "DnsUpdaters.Google\DnsUpdater.DnsUpdaters.Google.csproj", "{C2141BCA-67C5-47E7-BC90-DE3B62303717}"
EndProject
Project("{9A19103F-16F7-4668-BE54-9A1E7A4F7556}") = "DnsUpdater.DnsUpdaters.Azure", "DnsUpdaters.Azure\DnsUpdater.DnsUpdaters.Azure.csproj", "{CDB1E8D4-D0E9-4D9F-8405-22752685AAC2}"
EndProject
Global
	GlobalSection(SolutionConfigurationPlatforms) = preSolution
		Debug|Any CPU = Debug|Any CPU
		Release|Any CPU = Release|Any CPU
	EndGlobalSection
	GlobalSection(ProjectConfigurationPlatforms) = postSolution
		{6EDD83DA-45B8-4601-9B0C-A34194558160}.Debug|Any CPU.ActiveCfg = Debug|Any CPU
		{6EDD83DA-45B8-4601-9B0C-A34194558160}.Debug|Any CPU.Build.0 = Debug|Any CPU
		{6EDD83DA-45B8-4601-9B0C-A34194558160}.Release|Any CPU.ActiveCfg = Release|Any CPU
		{6EDD83DA-45B8-4601-9B0C-A34194558160}.Release|Any CPU.Build.0 = Release|Any CPU
		{4E02DE3C-EB9C-47E6-8C62-9988CB31333B}.Debug|Any CPU.ActiveCfg = Debug|Any CPU
		{4E02DE3C-EB9C-47E6-8C62-9988CB31333B}.Debug|Any CPU.Build.0 = Debug|Any CPU
		{4E02DE3C-EB9C-47E6-8C62-9988CB31333B}.Release|Any CPU.ActiveCfg = Release|Any CPU
		{4E02DE3C-EB9C-47E6-8C62-9988CB31333B}.Release|Any CPU.Build.0 = Release|Any CPU
		{8490F375-8285-4156-A593-DDDF6B8D5D6D}.Debug|Any CPU.ActiveCfg = Debug|Any CPU
		{8490F375-8285-4156-A593-DDDF6B8D5D6D}.Debug|Any CPU.Build.0 = Debug|Any CPU
		{8490F375-8285-4156-A593-DDDF6B8D5D6D}.Release|Any CPU.ActiveCfg = Release|Any CPU
		{8490F375-8285-4156-A593-DDDF6B8D5D6D}.Release|Any CPU.Build.0 = Release|Any CPU
		{C2141BCA-67C5-47E7-BC90-DE3B62303717}.Debug|Any CPU.ActiveCfg = Debug|Any CPU
		{C2141BCA-67C5-47E7-BC90-DE3B62303717}.Debug|Any CPU.Build.0 = Debug|Any CPU
		{C2141BCA-67C5-47E7-BC90-DE3B62303717}.Release|Any CPU.ActiveCfg = Release|Any CPU
		{C2141BCA-67C5-47E7-BC90-DE3B62303717}.Release|Any CPU.Build.0 = Release|Any CPU
		{CDB1E8D4-D0E9-4D9F-8405-22752685AAC2}.Debug|Any CPU.ActiveCfg = Debug|Any CPU
		{CDB1E8D4-D0E9-4D9F-8405-22752685AAC2}.Debug|Any CPU.Build.0 = Debug|Any CPU
		{CDB1E8D4-D0E9-4D9F-8405-22752685AAC2}.Release|Any CPU.ActiveCfg = Release|Any CPU
		{CDB1E8D4-D0E9-4D9F-8405-22752685AAC2}.Release|Any CPU.Build.0 = Release|Any CPU
	EndGlobalSection
	GlobalSection(SolutionProperties) = preSolution
		HideSolutionNode = FALSE
	EndGlobalSection
	GlobalSection(NestedProjects) = preSolution
		{8490F375-8285-4156-A593-DDDF6B8D5D6D} = {0EA1E51E-00D9-4DFD-94DC-1D8F7ABC5996}
		{C2141BCA-67C5-47E7-BC90-DE3B62303717} = {2555F536-A024-4809-84A3-4B8ABA9B5AB1}
		{CDB1E8D4-D0E9-4D9F-8405-22752685AAC2} = {2555F536-A024-4809-84A3-4B8ABA9B5AB1}
	EndGlobalSection
	GlobalSection(ExtensibilityGlobals) = postSolution
		SolutionGuid = {D059BBAA-AD23-4835-8E50-5F5236AC630D}
	EndGlobalSection
EndGlobal
